{
  "originHash" : "fd258bb9454cf1904a1133c10daef6493fa61335c3f86e966432f67676fd8bf2",
  "pins" : [
    {
      "identity" : "celestialsystem",
      "kind" : "remoteSourceControl",
      "location" : "https://github.com/LEOYoon-Tsaw/CelestialSystem",
      "state" : {
        "revision" : "68b97bfca31a2fc0ba963a66f831afa5b23658f8",
        "version" : "1.0.3"
      }
    }
  ],
  "version" : 3
}
